
Microsoft Visual Studio Solution File, Format Version 12.00
# Visual Studio 2013
VisualStudioVersion = 12.0.31101.0
MinimumVisualStudioVersion = 10.0.40219.1
Project("{FAE04EC0-301F-11D3-BF4B-00C04F79EFBC}") = "DDDPizza.DomainModels", "DDDPizza.DomainModels\DDDPizza.DomainModels.csproj", "{8AE728BC-E430-4210-8131-9759ADEB4E14}"
EndProject
Project("{FAE04EC0-301F-11D3-BF4B-00C04F79EFBC}") = "DDDPizza.Mocks", "DDDPizza.Mocks\DDDPizza.Mocks.csproj", "{326404D7-CA9C-465D-A1CE-B085A17E8643}"
EndProject
Project("{FAE04EC0-301F-11D3-BF4B-00C04F79EFBC}") = "PizzaConsole", "PizzaConsole\PizzaConsole.csproj", "{8A00EA51-1F5E-4090-AFB2-F2831EFD27C9}"
EndProject
Project("{2150E333-8FDC-42A3-9474-1A3956D46DE8}") = "Tests", "Tests", "{0B63D2A4-8E10-4F8F-8CDC-D89C7A3616C2}"
EndProject
Project("{FAE04EC0-301F-11D3-BF4B-00C04F79EFBC}") = "DDDPizza.UnitTests", "DDDPizza.UnitTests\DDDPizza.UnitTests.csproj", "{5BBBB7AD-EE46-4AF0-B17E-803C3B2195DF}"
EndProject
Project("{2150E333-8FDC-42A3-9474-1A3956D46DE8}") = "Mocks", "Mocks", "{3C5E0C4E-B067-4CA1-AC21-EA867C8D5BCC}"
EndProject
Project("{FAE04EC0-301F-11D3-BF4B-00C04F79EFBC}") = "DDDPizza.SharedKernel", "DDDPizza.SharedKernel\DDDPizza.SharedKernel.csproj", "{D585EA09-F249-4D86-B086-744D5CFEDCD4}"
EndProject
Project("{2150E333-8FDC-42A3-9474-1A3956D46DE8}") = "Infrastructure", "Infrastructure", "{DF7B875E-CFDB-4D3E-9758-B196062AA9D4}"
EndProject
Project("{FAE04EC0-301F-11D3-BF4B-00C04F79EFBC}") = "DDDPizza.Infrastructure.MongoDb", "DDDPizza.Infrastructure.MongoDb\DDDPizza.Infrastructure.MongoDb.csproj", "{254BE57B-45FD-40F6-814B-6522828C1E40}"
EndProject
Project("{2150E333-8FDC-42A3-9474-1A3956D46DE8}") = "Core", "Core", "{955C8275-D2A1-471E-BF2D-EDF67ADFB67B}"
EndProject
Project("{2150E333-8FDC-42A3-9474-1A3956D46DE8}") = "Shared", "Shared", "{B5B85664-3A98-41C2-88AD-AA566C40DAD1}"
EndProject
Project("{FAE04EC0-301F-11D3-BF4B-00C04F79EFBC}") = "DDDPizza.Interfaces", "DDDPizza.Interfaces\DDDPizza.Interfaces.csproj", "{54502586-2068-4FE0-B4F5-37BF59A553C4}"
EndProject
Project("{FAE04EC0-301F-11D3-BF4B-00C04F79EFBC}") = "DDDPizza.Api", "DDDPizza.Api\DDDPizza.Api.csproj", "{53C5FB52-CA6B-4219-9A22-3C4EE5F8DC3E}"
EndProject
Project("{2150E333-8FDC-42A3-9474-1A3956D46DE8}") = "Presentation", "Presentation", "{045B43AD-8A93-4042-AAB7-804C3CD8571E}"
EndProject
Project("{FAE04EC0-301F-11D3-BF4B-00C04F79EFBC}") = "DDDPizza.Mvc", "DDDPizza.Mvc\DDDPizza.Mvc.csproj", "{6C972763-938A-4228-9A38-C9F6617DA3AA}"
EndProject
Project("{FAE04EC0-301F-11D3-BF4B-00C04F79EFBC}") = "DDDPizza.ViewModels", "DDDPizza.ViewModels\DDDPizza.ViewModels.csproj", "{198A7742-F3D5-4FF7-A8EE-E53DFD7C0FFB}"
EndProject
Project("{FAE04EC0-301F-11D3-BF4B-00C04F79EFBC}") = "DDDPizza.DomainServices", "DDDPizza.DomainServices\DDDPizza.DomainServices.csproj", "{8CA3115D-6369-4A2F-8BBD-81D071560D94}"
EndProject
Project("{2150E333-8FDC-42A3-9474-1A3956D46DE8}") = "Application", "Application", "{221D3C76-5A22-489B-8255-FFB67A3E45B6}"
EndProject
Global
	GlobalSection(SolutionConfigurationPlatforms) = preSolution
		Debug|Any CPU = Debug|Any CPU
		Release|Any CPU = Release|Any CPU
	EndGlobalSection
	GlobalSection(ProjectConfigurationPlatforms) = postSolution
		{8AE728BC-E430-4210-8131-9759ADEB4E14}.Debug|Any CPU.ActiveCfg = Debug|Any CPU
		{8AE728BC-E430-4210-8131-9759ADEB4E14}.Debug|Any CPU.Build.0 = Debug|Any CPU
		{8AE728BC-E430-4210-8131-9759ADEB4E14}.Release|Any CPU.ActiveCfg = Release|Any CPU
		{8AE728BC-E430-4210-8131-9759ADEB4E14}.Release|Any CPU.Build.0 = Release|Any CPU
		{326404D7-CA9C-465D-A1CE-B085A17E8643}.Debug|Any CPU.ActiveCfg = Debug|Any CPU
		{326404D7-CA9C-465D-A1CE-B085A17E8643}.Debug|Any CPU.Build.0 = Debug|Any CPU
		{326404D7-CA9C-465D-A1CE-B085A17E8643}.Release|Any CPU.ActiveCfg = Release|Any CPU
		{326404D7-CA9C-465D-A1CE-B085A17E8643}.Release|Any CPU.Build.0 = Release|Any CPU
		{8A00EA51-1F5E-4090-AFB2-F2831EFD27C9}.Debug|Any CPU.ActiveCfg = Debug|Any CPU
		{8A00EA51-1F5E-4090-AFB2-F2831EFD27C9}.Debug|Any CPU.Build.0 = Debug|Any CPU
		{8A00EA51-1F5E-4090-AFB2-F2831EFD27C9}.Release|Any CPU.ActiveCfg = Release|Any CPU
		{8A00EA51-1F5E-4090-AFB2-F2831EFD27C9}.Release|Any CPU.Build.0 = Release|Any CPU
		{5BBBB7AD-EE46-4AF0-B17E-803C3B2195DF}.Debug|Any CPU.ActiveCfg = Debug|Any CPU
		{5BBBB7AD-EE46-4AF0-B17E-803C3B2195DF}.Debug|Any CPU.Build.0 = Debug|Any CPU
		{5BBBB7AD-EE46-4AF0-B17E-803C3B2195DF}.Release|Any CPU.ActiveCfg = Release|Any CPU
		{5BBBB7AD-EE46-4AF0-B17E-803C3B2195DF}.Release|Any CPU.Build.0 = Release|Any CPU
		{D585EA09-F249-4D86-B086-744D5CFEDCD4}.Debug|Any CPU.ActiveCfg = Debug|Any CPU
		{D585EA09-F249-4D86-B086-744D5CFEDCD4}.Debug|Any CPU.Build.0 = Debug|Any CPU
		{D585EA09-F249-4D86-B086-744D5CFEDCD4}.Release|Any CPU.ActiveCfg = Release|Any CPU
		{D585EA09-F249-4D86-B086-744D5CFEDCD4}.Release|Any CPU.Build.0 = Release|Any CPU
		{254BE57B-45FD-40F6-814B-6522828C1E40}.Debug|Any CPU.ActiveCfg = Debug|Any CPU
		{254BE57B-45FD-40F6-814B-6522828C1E40}.Debug|Any CPU.Build.0 = Debug|Any CPU
		{254BE57B-45FD-40F6-814B-6522828C1E40}.Release|Any CPU.ActiveCfg = Release|Any CPU
		{254BE57B-45FD-40F6-814B-6522828C1E40}.Release|Any CPU.Build.0 = Release|Any CPU
		{54502586-2068-4FE0-B4F5-37BF59A553C4}.Debug|Any CPU.ActiveCfg = Debug|Any CPU
		{54502586-2068-4FE0-B4F5-37BF59A553C4}.Debug|Any CPU.Build.0 = Debug|Any CPU
		{54502586-2068-4FE0-B4F5-37BF59A553C4}.Release|Any CPU.ActiveCfg = Release|Any CPU
		{54502586-2068-4FE0-B4F5-37BF59A553C4}.Release|Any CPU.Build.0 = Release|Any CPU
		{53C5FB52-CA6B-4219-9A22-3C4EE5F8DC3E}.Debug|Any CPU.ActiveCfg = Debug|Any CPU
		{53C5FB52-CA6B-4219-9A22-3C4EE5F8DC3E}.Debug|Any CPU.Build.0 = Debug|Any CPU
		{53C5FB52-CA6B-4219-9A22-3C4EE5F8DC3E}.Release|Any CPU.ActiveCfg = Release|Any CPU
		{53C5FB52-CA6B-4219-9A22-3C4EE5F8DC3E}.Release|Any CPU.Build.0 = Release|Any CPU
		{6C972763-938A-4228-9A38-C9F6617DA3AA}.Debug|Any CPU.ActiveCfg = Debug|Any CPU
		{6C972763-938A-4228-9A38-C9F6617DA3AA}.Debug|Any CPU.Build.0 = Debug|Any CPU
		{6C972763-938A-4228-9A38-C9F6617DA3AA}.Release|Any CPU.ActiveCfg = Release|Any CPU
		{6C972763-938A-4228-9A38-C9F6617DA3AA}.Release|Any CPU.Build.0 = Release|Any CPU
		{198A7742-F3D5-4FF7-A8EE-E53DFD7C0FFB}.Debug|Any CPU.ActiveCfg = Debug|Any CPU
		{198A7742-F3D5-4FF7-A8EE-E53DFD7C0FFB}.Debug|Any CPU.Build.0 = Debug|Any CPU
		{198A7742-F3D5-4FF7-A8EE-E53DFD7C0FFB}.Release|Any CPU.ActiveCfg = Release|Any CPU
		{198A7742-F3D5-4FF7-A8EE-E53DFD7C0FFB}.Release|Any CPU.Build.0 = Release|Any CPU
		{8CA3115D-6369-4A2F-8BBD-81D071560D94}.Debug|Any CPU.ActiveCfg = Debug|Any CPU
		{8CA3115D-6369-4A2F-8BBD-81D071560D94}.Debug|Any CPU.Build.0 = Debug|Any CPU
		{8CA3115D-6369-4A2F-8BBD-81D071560D94}.Release|Any CPU.ActiveCfg = Release|Any CPU
		{8CA3115D-6369-4A2F-8BBD-81D071560D94}.Release|Any CPU.Build.0 = Release|Any CPU
	EndGlobalSection
	GlobalSection(SolutionProperties) = preSolution
		HideSolutionNode = FALSE
	EndGlobalSection
	GlobalSection(NestedProjects) = preSolution
		{8AE728BC-E430-4210-8131-9759ADEB4E14} = {955C8275-D2A1-471E-BF2D-EDF67ADFB67B}
		{326404D7-CA9C-465D-A1CE-B085A17E8643} = {3C5E0C4E-B067-4CA1-AC21-EA867C8D5BCC}
		{5BBBB7AD-EE46-4AF0-B17E-803C3B2195DF} = {0B63D2A4-8E10-4F8F-8CDC-D89C7A3616C2}
		{D585EA09-F249-4D86-B086-744D5CFEDCD4} = {B5B85664-3A98-41C2-88AD-AA566C40DAD1}
		{254BE57B-45FD-40F6-814B-6522828C1E40} = {DF7B875E-CFDB-4D3E-9758-B196062AA9D4}
		{54502586-2068-4FE0-B4F5-37BF59A553C4} = {955C8275-D2A1-471E-BF2D-EDF67ADFB67B}
		{53C5FB52-CA6B-4219-9A22-3C4EE5F8DC3E} = {221D3C76-5A22-489B-8255-FFB67A3E45B6}
		{6C972763-938A-4228-9A38-C9F6617DA3AA} = {045B43AD-8A93-4042-AAB7-804C3CD8571E}
		{198A7742-F3D5-4FF7-A8EE-E53DFD7C0FFB} = {045B43AD-8A93-4042-AAB7-804C3CD8571E}
		{8CA3115D-6369-4A2F-8BBD-81D071560D94} = {955C8275-D2A1-471E-BF2D-EDF67ADFB67B}
	EndGlobalSection
EndGlobal
